{
  "version": "4",
  "specifiers": {
    "npm:@types/node@^22.9.0": "22.13.9",
    "npm:@types/pdfmake@~0.2.9": "0.2.11",
    "npm:dayjs@^1.11.11": "1.11.13",
    "npm:jsonschema@^1.4.1": "1.5.0",
    "npm:pdfmake@~0.2.10": "0.2.18"
  },
  "npm": {
    "@foliojs-fork/fontkit@1.9.2": {
      "integrity": "sha512-IfB5EiIb+GZk+77TRB86AHroVaqfq8JRFlUbz0WEwsInyCG0epX2tCPOy+UfaWPju30DeVoUAXfzWXmhn753KA==",
      "dependencies": [
        "@foliojs-fork/restructure",
        "brotli",
        "clone",
        "deep-equal",
        "dfa",
        "tiny-inflate",
        "unicode-properties",
        "unicode-trie"
      ]
    },
    "@foliojs-fork/linebreak@1.1.2": {
      "integrity": "sha512-ZPohpxxbuKNE0l/5iBJnOAfUaMACwvUIKCvqtWGKIMv1lPYoNjYXRfhi9FeeV9McBkBLxsMFWTVVhHJA8cyzvg==",
      "dependencies": [
        "base64-js",
        "unicode-trie"
      ]
    },
    "@foliojs-fork/pdfkit@0.15.3": {
      "integrity": "sha512-Obc0Wmy3bm7BINFVvPhcl2rnSSK61DQrlHU8aXnAqDk9LCjWdUOPwhgD8Ywz5VtuFjRxmVOM/kQ/XLIBjDvltw==",
      "dependencies": [
        "@foliojs-fork/fontkit",
        "@foliojs-fork/linebreak",
        "crypto-js",
        "jpeg-exif",
        "png-js"
      ]
    },
    "@foliojs-fork/restructure@2.0.2": {
      "integrity": "sha512-59SgoZ3EXbkfSX7b63tsou/SDGzwUEK6MuB5sKqgVK1/XE0fxmpsOb9DQI8LXW3KfGnAjImCGhhEb7uPPAUVNA=="
    },
    "@types/node@22.13.9": {
      "integrity": "sha512-acBjXdRJ3A6Pb3tqnw9HZmyR3Fiol3aGxRCK1x3d+6CDAMjl7I649wpSd+yNURCjbOUGu9tqtLKnTGxmK6CyGw==",
      "dependencies": [
        "undici-types@6.20.0"
      ]
    },
    "@types/node@22.5.4": {
      "integrity": "sha512-FDuKUJQm/ju9fT/SeX/6+gBzoPzlVCzfzmGkwKvRHQVxi4BntVbyIwf6a4Xn62mrvndLiml6z/UBXIdEVjQLXg==",
      "dependencies": [
        "undici-types@6.19.8"
      ]
    },
    "@types/pdfkit@0.13.9": {
      "integrity": "sha512-RDG8Yb1zT7I01FfpwK7nMSA433XWpblMqSCtA5vJlSyavWZb303HUYPCel6JTiDDFqwGLvtAnYbH8N/e0Cb89g==",
      "dependencies": [
        "@types/node@22.5.4"
      ]
    },
    "@types/pdfmake@0.2.11": {
      "integrity": "sha512-gglgMQhnG6C2kco13DJlvokqTxL+XKxHwCejElH8fSCNF9ZCkRK6Mzo011jQ0zuug+YlIgn6BpcpZrARyWdW3Q==",
      "dependencies": [
        "@types/node@22.5.4",
        "@types/pdfkit"
      ]
    },
    "base64-js@1.3.1": {
      "integrity": "sha512-mLQ4i2QO1ytvGWFWmcngKO//JXAQueZvwEKtjgQFM4jIK0kU+ytMfplL8j+n5mspOfjHwoAg+9yhb7BwAHm36g=="
    },
    "brotli@1.3.3": {
      "integrity": "sha512-oTKjJdShmDuGW94SyyaoQvAjf30dZaHnjJ8uAF+u2/vGJkJbJPJAT1gDiOJP5v1Zb6f9KEyW/1HpuaWIXtGHPg==",
      "dependencies": [
        "base64-js"
      ]
    },
    "call-bind-apply-helpers@1.0.2": {
      "integrity": "sha512-Sp1ablJ0ivDkSzjcaJdxEunN5/XvksFJ2sMBFfq6x0ryhQV/2b/KwFe21cMpmHtPOSij8K99/wSfoEuTObmuMQ==",
      "dependencies": [
        "es-errors",
        "function-bind"
      ]
    },
    "call-bind@1.0.8": {
      "integrity": "sha512-oKlSFMcMwpUg2ednkhQ454wfWiU/ul3CkJe/PEHcTKuiX6RpbehUiFMXu13HalGZxfUwCQzZG747YXBn1im9ww==",
      "dependencies": [
        "call-bind-apply-helpers",
        "es-define-property",
        "get-intrinsic",
        "set-function-length"
      ]
    },
    "call-bound@1.0.4": {
      "integrity": "sha512-+ys997U96po4Kx/ABpBCqhA9EuxJaQWDQg7295H4hBphv3IZg0boBKuwYpt4YXp6MZ5AmZQnU/tyMTlRpaSejg==",
      "dependencies": [
        "call-bind-apply-helpers",
        "get-intrinsic"
      ]
    },
    "clone@1.0.4": {
      "integrity": "sha512-JQHZ2QMW6l3aH/j6xCqQThY/9OH4D/9ls34cgkUBiEeocRTU04tHfKPBsUK1PqZCUQM7GiA0IIXJSuXHI64Kbg=="
    },
    "crypto-js@4.2.0": {
      "integrity": "sha512-KALDyEYgpY+Rlob/iriUtjV6d5Eq+Y191A5g4UqLAi8CyGP9N1+FdVbkc1SxKc2r4YAYqG8JzO2KGL+AizD70Q=="
    },
    "dayjs@1.11.13": {
      "integrity": "sha512-oaMBel6gjolK862uaPQOVTA7q3TZhuSvuMQAAglQDOWYO9A91IrAOUJEyKVlqJlHE0vq5p5UXxzdPfMH/x6xNg=="
    },
    "deep-equal@1.1.2": {
      "integrity": "sha512-5tdhKF6DbU7iIzrIOa1AOUt39ZRm13cmL1cGEh//aqR8x9+tNfbywRf0n5FD/18OKMdo7DNEtrX2t22ZAkI+eg==",
      "dependencies": [
        "is-arguments",
        "is-date-object",
        "is-regex",
        "object-is",
        "object-keys",
        "regexp.prototype.flags"
      ]
    },
    "define-data-property@1.1.4": {
      "integrity": "sha512-rBMvIzlpA8v6E+SJZoo++HAYqsLrkg7MSfIinMPFhmkorw7X+dOXVJQs+QT69zGkzMyfDnIMN2Wid1+NbL3T+A==",
      "dependencies": [
        "es-define-property",
        "es-errors",
        "gopd"
      ]
    },
    "define-properties@1.2.1": {
      "integrity": "sha512-8QmQKqEASLd5nx0U1B1okLElbUuuttJ/AnYmRXbbbGDWh6uS208EjD4Xqq/I9wK7u0v6O08XhTWnt5XtEbR6Dg==",
      "dependencies": [
        "define-data-property",
        "has-property-descriptors",
        "object-keys"
      ]
    },
    "dfa@1.2.0": {
      "integrity": "sha512-ED3jP8saaweFTjeGX8HQPjeC1YYyZs98jGNZx6IiBvxW7JG5v492kamAQB3m2wop07CvU/RQmzcKr6bgcC5D/Q=="
    },
    "dunder-proto@1.0.1": {
      "integrity": "sha512-KIN/nDJBQRcXw0MLVhZE9iQHmG68qAVIBg9CqmUYjmQIhgij9U5MFvrqkUL5FbtyyzZuOeOt0zdeRe4UY7ct+A==",
      "dependencies": [
        "call-bind-apply-helpers",
        "es-errors",
        "gopd"
      ]
    },
    "es-define-property@1.0.1": {
      "integrity": "sha512-e3nRfgfUZ4rNGL232gUgX06QNyyez04KdjFrF+LTRoOXmrOgFKDg4BCdsjW8EnT69eqdYGmRpJwiPVYNrCaW3g=="
    },
    "es-errors@1.3.0": {
      "integrity": "sha512-Zf5H2Kxt2xjTvbJvP2ZWLEICxA6j+hAmMzIlypy4xcBg1vKVnx89Wy0GbS+kf5cwCVFFzdCFh2XSCFNULS6csw=="
    },
    "es-object-atoms@1.1.1": {
      "integrity": "sha512-FGgH2h8zKNim9ljj7dankFPcICIK9Cp5bm+c2gQSYePhpaG5+esrLODihIorn+Pe6FGJzWhXQotPv73jTaldXA==",
      "dependencies": [
        "es-errors"
      ]
    },
    "function-bind@1.1.2": {
      "integrity": "sha512-7XHNxH7qX9xG5mIwxkhumTox/MIRNcOgDrxWsMt2pAr23WHp6MrRlN7FBSFpCpr+oVO0F744iUgR82nJMfG2SA=="
    },
    "functions-have-names@1.2.3": {
      "integrity": "sha512-xckBUXyTIqT97tq2x2AMb+g163b5JFysYk0x4qxNFwbfQkmNZoiRHb6sPzI9/QV33WeuvVYBUIiD4NzNIyqaRQ=="
    },
    "get-intrinsic@1.3.0": {
      "integrity": "sha512-9fSjSaos/fRIVIp+xSJlE6lfwhES7LNtKaCBIamHsjr2na1BiABJPo0mOjjz8GJDURarmCPGqaiVg5mfjb98CQ==",
      "dependencies": [
        "call-bind-apply-helpers",
        "es-define-property",
        "es-errors",
        "es-object-atoms",
        "function-bind",
        "get-proto",
        "gopd",
        "has-symbols",
        "hasown",
        "math-intrinsics"
      ]
    },
    "get-proto@1.0.1": {
      "integrity": "sha512-sTSfBjoXBp89JvIKIefqw7U2CCebsc74kiY6awiGogKtoSGbgjYE/G/+l9sF3MWFPNc9IcoOC4ODfKHfxFmp0g==",
      "dependencies": [
        "dunder-proto",
        "es-object-atoms"
      ]
    },
    "gopd@1.2.0": {
      "integrity": "sha512-ZUKRh6/kUFoAiTAtTYPZJ3hw9wNxx+BIBOijnlG9PnrJsCcSjs1wyyD6vJpaYtgnzDrKYRSqf3OO6Rfa93xsRg=="
    },
    "has-property-descriptors@1.0.2": {
      "integrity": "sha512-55JNKuIW+vq4Ke1BjOTjM2YctQIvCT7GFzHwmfZPGo5wnrgkid0YQtnAleFSqumZm4az3n2BS+erby5ipJdgrg==",
      "dependencies": [
        "es-define-property"
      ]
    },
    "has-symbols@1.1.0": {
      "integrity": "sha512-1cDNdwJ2Jaohmb3sg4OmKaMBwuC48sYni5HUw2DvsC8LjGTLK9h+eb1X6RyuOHe4hT0ULCW68iomhjUoKUqlPQ=="
    },
    "has-tostringtag@1.0.2": {
      "integrity": "sha512-NqADB8VjPFLM2V0VvHUewwwsw0ZWBaIdgo+ieHtK3hasLz4qeCRjYcqfB6AQrBggRKppKF8L52/VqdVsO47Dlw==",
      "dependencies": [
        "has-symbols"
      ]
    },
    "hasown@2.0.2": {
      "integrity": "sha512-0hJU9SCPvmMzIBdZFqNPXWa6dqh7WdH0cII9y+CyS8rG3nL48Bclra9HmKhVVUHyPWNH5Y7xDwAB7bfgSjkUMQ==",
      "dependencies": [
        "function-bind"
      ]
    },
    "iconv-lite@0.6.3": {
      "integrity": "sha512-4fCk79wshMdzMp2rH06qWrJE4iolqLhCUH+OiuIgU++RB0+94NlDL81atO7GX55uUKueo0txHNtvEyI6D7WdMw==",
      "dependencies": [
        "safer-buffer"
      ]
    },
    "is-arguments@1.2.0": {
      "integrity": "sha512-7bVbi0huj/wrIAOzb8U1aszg9kdi3KN/CyU19CTI7tAoZYEZoL9yCDXpbXN+uPsuWnP02cyug1gleqq+TU+YCA==",
      "dependencies": [
        "call-bound",
        "has-tostringtag"
      ]
    },
    "is-date-object@1.1.0": {
      "integrity": "sha512-PwwhEakHVKTdRNVOw+/Gyh0+MzlCl4R6qKvkhuvLtPMggI1WAHt9sOwZxQLSGpUaDnrdyDsomoRgNnCfKNSXXg==",
      "dependencies": [
        "call-bound",
        "has-tostringtag"
      ]
    },
    "is-regex@1.2.1": {
      "integrity": "sha512-MjYsKHO5O7mCsmRGxWcLWheFqN9DJ/2TmngvjKXihe6efViPqc274+Fx/4fYj/r03+ESvBdTXK0V6tA3rgez1g==",
      "dependencies": [
        "call-bound",
        "gopd",
        "has-tostringtag",
        "hasown"
      ]
    },
    "jpeg-exif@1.1.4": {
      "integrity": "sha512-a+bKEcCjtuW5WTdgeXFzswSrdqi0jk4XlEtZlx5A94wCoBpFjfFTbo/Tra5SpNCl/YFZPvcV1dJc+TAYeg6ROQ=="
    },
    "jsonschema@1.5.0": {
      "integrity": "sha512-K+A9hhqbn0f3pJX17Q/7H6yQfD/5OXgdrR5UE12gMXCiN9D5Xq2o5mddV2QEcX/bjla99ASsAAQUyMCCRWAEhw=="
    },
    "math-intrinsics@1.1.0": {
      "integrity": "sha512-/IXtbwEk5HTPyEwyKX6hGkYXxM9nbj64B+ilVJnC/R6B0pH5G4V3b0pVbL7DBj4tkhBAppbQUlf6F6Xl9LHu1g=="
    },
    "object-is@1.1.6": {
      "integrity": "sha512-F8cZ+KfGlSGi09lJT7/Nd6KJZ9ygtvYC0/UYYLI9nmQKLMnydpB9yvbv9K1uSkEu7FU9vYPmVwLg328tX+ot3Q==",
      "dependencies": [
        "call-bind",
        "define-properties"
      ]
    },
    "object-keys@1.1.1": {
      "integrity": "sha512-NuAESUOUMrlIXOfHKzD6bpPu3tYt3xvjNdRIQ+FeT0lNb4K8WR70CaDxhuNguS2XG+GjkyMwOzsN5ZktImfhLA=="
    },
    "pako@0.2.9": {
      "integrity": "sha512-NUcwaKxUxWrZLpDG+z/xZaCgQITkA/Dv4V/T6bw7VON6l1Xz/VnrBqrYjZQ12TamKHzITTfOEIYUj48y2KXImA=="
    },
    "pdfmake@0.2.18": {
      "integrity": "sha512-Fe+GnMS8EVZu5rci/CDaQ+xmUoHvx8P+rvIlrwSYM6A5c7Aik8G6lpJbddhjBE2jXGjv6WcUCFCB06uZbjxkMw==",
      "dependencies": [
        "@foliojs-fork/linebreak",
        "@foliojs-fork/pdfkit",
        "iconv-lite",
        "xmldoc"
      ]
    },
    "png-js@1.0.0": {
      "integrity": "sha512-k+YsbhpA9e+EFfKjTCH3VW6aoKlyNYI6NYdTfDL4CIvFnvsuO84ttonmZE7rc+v23SLTH8XX+5w/Ak9v0xGY4g=="
    },
    "regexp.prototype.flags@1.5.4": {
      "integrity": "sha512-dYqgNSZbDwkaJ2ceRd9ojCGjBq+mOm9LmtXnAnEGyHhN/5R7iDW2TRw3h+o/jCFxus3P2LfWIIiwowAjANm7IA==",
      "dependencies": [
        "call-bind",
        "define-properties",
        "es-errors",
        "get-proto",
        "gopd",
        "set-function-name"
      ]
    },
    "safer-buffer@2.1.2": {
      "integrity": "sha512-YZo3K82SD7Riyi0E1EQPojLz7kpepnSQI9IyPbHHg1XXXevb5dJI7tpyN2ADxGcQbHG7vcyRHk0cbwqcQriUtg=="
    },
    "sax@1.4.1": {
      "integrity": "sha512-+aWOz7yVScEGoKNd4PA10LZ8sk0A/z5+nXQG5giUO5rprX9jgYsTdov9qCchZiPIZezbZH+jRut8nPodFAX4Jg=="
    },
    "set-function-length@1.2.2": {
      "integrity": "sha512-pgRc4hJ4/sNjWCSS9AmnS40x3bNMDTknHgL5UaMBTMyJnU90EgWh1Rz+MC9eFu4BuN/UwZjKQuY/1v3rM7HMfg==",
      "dependencies": [
        "define-data-property",
        "es-errors",
        "function-bind",
        "get-intrinsic",
        "gopd",
        "has-property-descriptors"
      ]
    },
    "set-function-name@2.0.2": {
      "integrity": "sha512-7PGFlmtwsEADb0WYyvCMa1t+yke6daIG4Wirafur5kcf+MhUnPms1UeR0CKQdTZD81yESwMHbtn+TR+dMviakQ==",
      "dependencies": [
        "define-data-property",
        "es-errors",
        "functions-have-names",
        "has-property-descriptors"
      ]
    },
    "tiny-inflate@1.0.3": {
      "integrity": "sha512-pkY1fj1cKHb2seWDy0B16HeWyczlJA9/WW3u3c4z/NiWDsO3DOU5D7nhTLE9CF0yXv/QZFY7sEJmj24dK+Rrqw=="
    },
    "undici-types@6.19.8": {
      "integrity": "sha512-ve2KP6f/JnbPBFyobGHuerC9g1FYGn/F8n1LWTwNxCEzd6IfqTwUQcNXgEtmmQ6DlRrC1hrSrBnCZPokRrDHjw=="
    },
    "undici-types@6.20.0": {
      "integrity": "sha512-Ny6QZ2Nju20vw1SRHe3d9jVu6gJ+4e3+MMpqu7pqE5HT6WsTSlce++GQmK5UXS8mzV8DSYHrQH+Xrf2jVcuKNg=="
    },
    "unicode-properties@1.4.1": {
      "integrity": "sha512-CLjCCLQ6UuMxWnbIylkisbRj31qxHPAurvena/0iwSVbQ2G1VY5/HjV0IRabOEbDHlzZlRdCrD4NhB0JtU40Pg==",
      "dependencies": [
        "base64-js",
        "unicode-trie"
      ]
    },
    "unicode-trie@2.0.0": {
      "integrity": "sha512-x7bc76x0bm4prf1VLg79uhAzKw8DVboClSN5VxJuQ+LKDOVEW9CdH+VY7SP+vX7xCYQqzzgQpFqz15zeLvAtZQ==",
      "dependencies": [
        "pako",
        "tiny-inflate"
      ]
    },
    "xmldoc@1.3.0": {
      "integrity": "sha512-y7IRWW6PvEnYQZNZFMRLNJw+p3pezM4nKYPfr15g4OOW9i8VpeydycFuipE2297OvZnh3jSb2pxOt9QpkZUVng==",
      "dependencies": [
        "sax"
      ]
    }
  },
  "workspace": {
    "packageJson": {
      "dependencies": [
        "npm:@types/node@^22.9.0",
        "npm:@types/pdfmake@~0.2.9",
        "npm:dayjs@^1.11.11",
        "npm:jsonschema@^1.4.1",
        "npm:pdfmake@~0.2.10"
      ]
    }
  }
}
